
Microsoft Visual Studio Solution File, Format Version 12.00
# Visual Studio Version 16
VisualStudioVersion = 16.0.30011.22
MinimumVisualStudioVersion = 10.0.40219.1
Project("{9A19103F-16F7-4668-BE54-9A1E7A4F7556}") = "Dime.Repositories", "core\Dime.Repositories\Dime.Repositories.csproj", "{72A74CEB-EC06-43A8-85C2-E4CFDA8DFCE9}"
EndProject
Project("{2150E333-8FDC-42A3-9474-1A3956D46DE8}") = "Tests", "Tests", "{F753A01F-2E0C-4036-9DEF-6047253255D2}"
EndProject
Project("{9A19103F-16F7-4668-BE54-9A1E7A4F7556}") = "Dime.Repositories.Sql", "core\Dime.Repositories.Sql\Dime.Repositories.Sql.csproj", "{0FB51C4F-7198-40CF-8442-9A09BF016C42}"
EndProject
Project("{9A19103F-16F7-4668-BE54-9A1E7A4F7556}") = "Dime.Repositories.Sql.EntityFramework.NetCore", "providers\EntityFramework.NetCore\Dime.Repositories.Sql.EntityFramework.NetCore.csproj", "{B501E673-CC10-4BFF-A086-CFF1DF482816}"
EndProject
Project("{9A19103F-16F7-4668-BE54-9A1E7A4F7556}") = "Dime.Repositories.Sql.EntityFramework.NetFramework", "providers\EntityFramework.NetFramework\Dime.Repositories.Sql.EntityFramework.NetFramework.csproj", "{4536C116-0C7B-40AD-A2FC-3ED6D0EB1149}"
EndProject
Project("{9A19103F-16F7-4668-BE54-9A1E7A4F7556}") = "Dime.Repositories.Sql.EntityFramework.Tests", "test\Dime.Repositories.Sql.EntityFramework.Tests\Dime.Repositories.Sql.EntityFramework.Tests.csproj", "{752C2101-5877-4C29-9EFF-D868D1C82426}"
EndProject
Project("{9A19103F-16F7-4668-BE54-9A1E7A4F7556}") = "Dime.Repositories.Sql.EntityFramework.NetCore.Tests", "test\Dime.Repositories.Sql.EntityFramework.NetCore.Tests\Dime.Repositories.Sql.EntityFramework.NetCore.Tests.csproj", "{4C40805D-D4F3-4D49-B2C4-F464FE4CD833}"
EndProject
Project("{2150E333-8FDC-42A3-9474-1A3956D46DE8}") = "providers", "providers", "{BF5B6AB2-33CF-494B-9D49-1A00ACF42729}"
EndProject
Project("{D954291E-2A0B-460D-934E-DC6B0785DB48}") = "Dime.Repositories.Sql.EntityFramework.Shared", "providers\EntityFramework.Shared\Dime.Repositories.Sql.EntityFramework.Shared.shproj", "{E2C7ADE6-23D8-4897-A156-05DCD901E2D0}"
EndProject
Global
	GlobalSection(SharedMSBuildProjectFiles) = preSolution
		providers\EntityFramework.Shared\Dime.Repositories.Sql.EntityFramework.Shared.projitems*{4536c116-0c7b-40ad-a2fc-3ed6d0eb1149}*SharedItemsImports = 5
		providers\EntityFramework.Shared\Dime.Repositories.Sql.EntityFramework.Shared.projitems*{b501e673-cc10-4bff-a086-cff1df482816}*SharedItemsImports = 5
		providers\EntityFramework.Shared\Dime.Repositories.Sql.EntityFramework.Shared.projitems*{e2c7ade6-23d8-4897-a156-05dcd901e2d0}*SharedItemsImports = 13
	EndGlobalSection
	GlobalSection(SolutionConfigurationPlatforms) = preSolution
		Debug|Any CPU = Debug|Any CPU
		Release|Any CPU = Release|Any CPU
	EndGlobalSection
	GlobalSection(ProjectConfigurationPlatforms) = postSolution
		{72A74CEB-EC06-43A8-85C2-E4CFDA8DFCE9}.Debug|Any CPU.ActiveCfg = Debug|Any CPU
		{72A74CEB-EC06-43A8-85C2-E4CFDA8DFCE9}.Debug|Any CPU.Build.0 = Debug|Any CPU
		{72A74CEB-EC06-43A8-85C2-E4CFDA8DFCE9}.Release|Any CPU.ActiveCfg = Release|Any CPU
		{72A74CEB-EC06-43A8-85C2-E4CFDA8DFCE9}.Release|Any CPU.Build.0 = Release|Any CPU
		{0FB51C4F-7198-40CF-8442-9A09BF016C42}.Debug|Any CPU.ActiveCfg = Debug|Any CPU
		{0FB51C4F-7198-40CF-8442-9A09BF016C42}.Debug|Any CPU.Build.0 = Debug|Any CPU
		{0FB51C4F-7198-40CF-8442-9A09BF016C42}.Release|Any CPU.ActiveCfg = Release|Any CPU
		{0FB51C4F-7198-40CF-8442-9A09BF016C42}.Release|Any CPU.Build.0 = Release|Any CPU
		{B501E673-CC10-4BFF-A086-CFF1DF482816}.Debug|Any CPU.ActiveCfg = Debug|Any CPU
		{B501E673-CC10-4BFF-A086-CFF1DF482816}.Debug|Any CPU.Build.0 = Debug|Any CPU
		{B501E673-CC10-4BFF-A086-CFF1DF482816}.Release|Any CPU.ActiveCfg = Release|Any CPU
		{B501E673-CC10-4BFF-A086-CFF1DF482816}.Release|Any CPU.Build.0 = Release|Any CPU
		{4536C116-0C7B-40AD-A2FC-3ED6D0EB1149}.Debug|Any CPU.ActiveCfg = Debug|Any CPU
		{4536C116-0C7B-40AD-A2FC-3ED6D0EB1149}.Debug|Any CPU.Build.0 = Debug|Any CPU
		{4536C116-0C7B-40AD-A2FC-3ED6D0EB1149}.Release|Any CPU.ActiveCfg = Release|Any CPU
		{4536C116-0C7B-40AD-A2FC-3ED6D0EB1149}.Release|Any CPU.Build.0 = Release|Any CPU
		{752C2101-5877-4C29-9EFF-D868D1C82426}.Debug|Any CPU.ActiveCfg = Debug|Any CPU
		{752C2101-5877-4C29-9EFF-D868D1C82426}.Debug|Any CPU.Build.0 = Debug|Any CPU
		{752C2101-5877-4C29-9EFF-D868D1C82426}.Release|Any CPU.ActiveCfg = Release|Any CPU
		{752C2101-5877-4C29-9EFF-D868D1C82426}.Release|Any CPU.Build.0 = Release|Any CPU
		{4C40805D-D4F3-4D49-B2C4-F464FE4CD833}.Debug|Any CPU.ActiveCfg = Debug|Any CPU
		{4C40805D-D4F3-4D49-B2C4-F464FE4CD833}.Debug|Any CPU.Build.0 = Debug|Any CPU
		{4C40805D-D4F3-4D49-B2C4-F464FE4CD833}.Release|Any CPU.ActiveCfg = Release|Any CPU
		{4C40805D-D4F3-4D49-B2C4-F464FE4CD833}.Release|Any CPU.Build.0 = Release|Any CPU
	EndGlobalSection
	GlobalSection(SolutionProperties) = preSolution
		HideSolutionNode = FALSE
	EndGlobalSection
	GlobalSection(NestedProjects) = preSolution
		{B501E673-CC10-4BFF-A086-CFF1DF482816} = {BF5B6AB2-33CF-494B-9D49-1A00ACF42729}
		{4536C116-0C7B-40AD-A2FC-3ED6D0EB1149} = {BF5B6AB2-33CF-494B-9D49-1A00ACF42729}
		{752C2101-5877-4C29-9EFF-D868D1C82426} = {F753A01F-2E0C-4036-9DEF-6047253255D2}
		{4C40805D-D4F3-4D49-B2C4-F464FE4CD833} = {F753A01F-2E0C-4036-9DEF-6047253255D2}
		{E2C7ADE6-23D8-4897-A156-05DCD901E2D0} = {BF5B6AB2-33CF-494B-9D49-1A00ACF42729}
	EndGlobalSection
	GlobalSection(ExtensibilityGlobals) = postSolution
		SolutionGuid = {EFEF8275-DA5B-4493-8BB7-32E760B05267}
	EndGlobalSection
EndGlobal
